
Microsoft Visual Studio Solution File, Format Version 12.00
# Visual Studio Version 17
VisualStudioVersion = 17.8.34330.188
MinimumVisualStudioVersion = 10.0.40219.1
Project("{FAE04EC0-301F-11D3-BF4B-00C04F79EFBC}") = "AvtoMasterskaya.API", "AvtoMasterskaya.API.csproj", "{70EE58AE-5961-4093-A3C4-8978B9452E03}"
	ProjectSection(ProjectDependencies) = postProject
		{54A541A7-C2D0-4510-B9A8-6F50ECEAE768} = {54A541A7-C2D0-4510-B9A8-6F50ECEAE768}
		{9E23E187-49AE-416C-8EE3-8708A87EDABC} = {9E23E187-49AE-416C-8EE3-8708A87EDABC}
	EndProjectSection
EndProject
Project("{9A19103F-16F7-4668-BE54-9A1E7A4F7556}") = "AvtoMasterskaya.Context", "..\AvtoMasterskaya.Context\AvtoMasterskaya.Context.csproj", "{54A541A7-C2D0-4510-B9A8-6F50ECEAE768}"
EndProject
Project("{9A19103F-16F7-4668-BE54-9A1E7A4F7556}") = "AvtoMasterskaya.Context.Contracts", "..\AvtoMasterskaya.Context.Contracts\AvtoMasterskaya.Context.Contracts.csproj", "{9E23E187-49AE-416C-8EE3-8708A87EDABC}"
EndProject
Global
	GlobalSection(SolutionConfigurationPlatforms) = preSolution
		Debug|Any CPU = Debug|Any CPU
		Release|Any CPU = Release|Any CPU
	EndGlobalSection
	GlobalSection(ProjectConfigurationPlatforms) = postSolution
		{70EE58AE-5961-4093-A3C4-8978B9452E03}.Debug|Any CPU.ActiveCfg = Debug|Any CPU
		{70EE58AE-5961-4093-A3C4-8978B9452E03}.Debug|Any CPU.Build.0 = Debug|Any CPU
		{70EE58AE-5961-4093-A3C4-8978B9452E03}.Release|Any CPU.ActiveCfg = Release|Any CPU
		{70EE58AE-5961-4093-A3C4-8978B9452E03}.Release|Any CPU.Build.0 = Release|Any CPU
		{54A541A7-C2D0-4510-B9A8-6F50ECEAE768}.Debug|Any CPU.ActiveCfg = Debug|Any CPU
		{54A541A7-C2D0-4510-B9A8-6F50ECEAE768}.Debug|Any CPU.Build.0 = Debug|Any CPU
		{54A541A7-C2D0-4510-B9A8-6F50ECEAE768}.Release|Any CPU.ActiveCfg = Release|Any CPU
		{54A541A7-C2D0-4510-B9A8-6F50ECEAE768}.Release|Any CPU.Build.0 = Release|Any CPU
		{9E23E187-49AE-416C-8EE3-8708A87EDABC}.Debug|Any CPU.ActiveCfg = Debug|Any CPU
		{9E23E187-49AE-416C-8EE3-8708A87EDABC}.Debug|Any CPU.Build.0 = Debug|Any CPU
		{9E23E187-49AE-416C-8EE3-8708A87EDABC}.Release|Any CPU.ActiveCfg = Release|Any CPU
		{9E23E187-49AE-416C-8EE3-8708A87EDABC}.Release|Any CPU.Build.0 = Release|Any CPU
	EndGlobalSection
	GlobalSection(SolutionProperties) = preSolution
		HideSolutionNode = FALSE
	EndGlobalSection
	GlobalSection(ExtensibilityGlobals) = postSolution
		SolutionGuid = {614679DB-43F7-42DB-B9BF-69270B424AF4}
	EndGlobalSection
EndGlobal
